
Microsoft Visual Studio Solution File, Format Version 12.00
# Visual Studio Version 17
VisualStudioVersion = 17.5.33530.505
MinimumVisualStudioVersion = 10.0.40219.1
Project("{888888A0-9F3D-457C-B088-3A5042F75D52}") = "Deck of Cards", "Deck of Cards.pyproj", "{D787FD97-F7F7-4AAF-9E99-1B296E234547}"
EndProject
Global
	GlobalSection(SolutionConfigurationPlatforms) = preSolution
		Debug|Any CPU = Debug|Any CPU
		Release|Any CPU = Release|Any CPU
	EndGlobalSection
	GlobalSection(ProjectConfigurationPlatforms) = postSolution
		{D787FD97-F7F7-4AAF-9E99-1B296E234547}.Debug|Any CPU.ActiveCfg = Debug|Any CPU
		{D787FD97-F7F7-4AAF-9E99-1B296E234547}.Release|Any CPU.ActiveCfg = Release|Any CPU
	EndGlobalSection
	GlobalSection(SolutionProperties) = preSolution
		HideSolutionNode = FALSE
	EndGlobalSection
	GlobalSection(ExtensibilityGlobals) = postSolution
		SolutionGuid = {B41B7128-1769-4D49-A22E-342E6C824227}
	EndGlobalSection
EndGlobal
